
Microsoft Visual Studio Solution File, Format Version 12.00
# Visual Studio Version 16
VisualStudioVersion = 16.0.31025.194
MinimumVisualStudioVersion = 10.0.40219.1
Project("{FAE04EC0-301F-11D3-BF4B-00C04F79EFBC}") = "UserLogin", "UserLogin\UserLogin.csproj", "{92605520-5806-4CD0-9F5A-8726700706DE}"
EndProject
Global
	GlobalSection(SolutionConfigurationPlatforms) = preSolution
		Debug|Any CPU = Debug|Any CPU
		Release|Any CPU = Release|Any CPU
	EndGlobalSection
	GlobalSection(ProjectConfigurationPlatforms) = postSolution
		{92605520-5806-4CD0-9F5A-8726700706DE}.Debug|Any CPU.ActiveCfg = Debug|Any CPU
		{92605520-5806-4CD0-9F5A-8726700706DE}.Debug|Any CPU.Build.0 = Debug|Any CPU
		{92605520-5806-4CD0-9F5A-8726700706DE}.Release|Any CPU.ActiveCfg = Release|Any CPU
		{92605520-5806-4CD0-9F5A-8726700706DE}.Release|Any CPU.Build.0 = Release|Any CPU
	EndGlobalSection
	GlobalSection(SolutionProperties) = preSolution
		HideSolutionNode = FALSE
	EndGlobalSection
	GlobalSection(ExtensibilityGlobals) = postSolution
		SolutionGuid = {0127CB02-B2F7-48E9-AFFC-2FC243AD1659}
	EndGlobalSection
EndGlobal
